
Microsoft Visual Studio Solution File, Format Version 12.00
# Visual Studio Version 17
VisualStudioVersion = 17.8.34525.116
MinimumVisualStudioVersion = 10.0.40219.1
Project("{FAE04EC0-301F-11D3-BF4B-00C04F79EFBC}") = "ConsoleApp3", "ConsoleApp3\ConsoleApp3.csproj", "{9C4F3362-59D3-4FF9-8F4C-AA4EF9752812}"
EndProject
Global
	GlobalSection(SolutionConfigurationPlatforms) = preSolution
		Debug|Any CPU = Debug|Any CPU
		Release|Any CPU = Release|Any CPU
	EndGlobalSection
	GlobalSection(ProjectConfigurationPlatforms) = postSolution
		{9C4F3362-59D3-4FF9-8F4C-AA4EF9752812}.Debug|Any CPU.ActiveCfg = Debug|Any CPU
		{9C4F3362-59D3-4FF9-8F4C-AA4EF9752812}.Debug|Any CPU.Build.0 = Debug|Any CPU
		{9C4F3362-59D3-4FF9-8F4C-AA4EF9752812}.Release|Any CPU.ActiveCfg = Release|Any CPU
		{9C4F3362-59D3-4FF9-8F4C-AA4EF9752812}.Release|Any CPU.Build.0 = Release|Any CPU
	EndGlobalSection
	GlobalSection(SolutionProperties) = preSolution
		HideSolutionNode = FALSE
	EndGlobalSection
	GlobalSection(ExtensibilityGlobals) = postSolution
		SolutionGuid = {FD121F1F-0FB8-418A-90C0-D11B2BAEC2AF}
	EndGlobalSection
EndGlobal
